
Microsoft Visual Studio Solution File, Format Version 12.00
# Visual Studio 15
VisualStudioVersion = 15.0.26124.0
MinimumVisualStudioVersion = 15.0.26124.0
Project("{2150E333-8FDC-42A3-9474-1A3956D46DE8}") = "src", "src", "{B56F2B2F-4A64-40E2-BF99-B66E36F46386}"
EndProject
Project("{FAE04EC0-301F-11D3-BF4B-00C04F79EFBC}") = "GradeBook", "src\Gradebook\GradeBook.csproj", "{7E9A43DE-8192-4990-812F-040040873B02}"
EndProject
Project("{2150E333-8FDC-42A3-9474-1A3956D46DE8}") = "test", "test", "{569A1F7E-62C0-474B-84F1-2B672C04C232}"
EndProject
Project("{FAE04EC0-301F-11D3-BF4B-00C04F79EFBC}") = "GradeBook.Tests", "test\Gradebook.Tests\GradeBook.Tests.csproj", "{5626865B-C65C-4679-998D-5D4167F2F0B5}"
EndProject
Global
	GlobalSection(SolutionConfigurationPlatforms) = preSolution
		Debug|Any CPU = Debug|Any CPU
		Debug|x64 = Debug|x64
		Debug|x86 = Debug|x86
		Release|Any CPU = Release|Any CPU
		Release|x64 = Release|x64
		Release|x86 = Release|x86
	EndGlobalSection
	GlobalSection(SolutionProperties) = preSolution
		HideSolutionNode = FALSE
	EndGlobalSection
	GlobalSection(ProjectConfigurationPlatforms) = postSolution
		{7E9A43DE-8192-4990-812F-040040873B02}.Debug|Any CPU.ActiveCfg = Debug|Any CPU
		{7E9A43DE-8192-4990-812F-040040873B02}.Debug|Any CPU.Build.0 = Debug|Any CPU
		{7E9A43DE-8192-4990-812F-040040873B02}.Debug|x64.ActiveCfg = Debug|Any CPU
		{7E9A43DE-8192-4990-812F-040040873B02}.Debug|x64.Build.0 = Debug|Any CPU
		{7E9A43DE-8192-4990-812F-040040873B02}.Debug|x86.ActiveCfg = Debug|Any CPU
		{7E9A43DE-8192-4990-812F-040040873B02}.Debug|x86.Build.0 = Debug|Any CPU
		{7E9A43DE-8192-4990-812F-040040873B02}.Release|Any CPU.ActiveCfg = Release|Any CPU
		{7E9A43DE-8192-4990-812F-040040873B02}.Release|Any CPU.Build.0 = Release|Any CPU
		{7E9A43DE-8192-4990-812F-040040873B02}.Release|x64.ActiveCfg = Release|Any CPU
		{7E9A43DE-8192-4990-812F-040040873B02}.Release|x64.Build.0 = Release|Any CPU
		{7E9A43DE-8192-4990-812F-040040873B02}.Release|x86.ActiveCfg = Release|Any CPU
		{7E9A43DE-8192-4990-812F-040040873B02}.Release|x86.Build.0 = Release|Any CPU
		{5626865B-C65C-4679-998D-5D4167F2F0B5}.Debug|Any CPU.ActiveCfg = Debug|Any CPU
		{5626865B-C65C-4679-998D-5D4167F2F0B5}.Debug|Any CPU.Build.0 = Debug|Any CPU
		{5626865B-C65C-4679-998D-5D4167F2F0B5}.Debug|x64.ActiveCfg = Debug|Any CPU
		{5626865B-C65C-4679-998D-5D4167F2F0B5}.Debug|x64.Build.0 = Debug|Any CPU
		{5626865B-C65C-4679-998D-5D4167F2F0B5}.Debug|x86.ActiveCfg = Debug|Any CPU
		{5626865B-C65C-4679-998D-5D4167F2F0B5}.Debug|x86.Build.0 = Debug|Any CPU
		{5626865B-C65C-4679-998D-5D4167F2F0B5}.Release|Any CPU.ActiveCfg = Release|Any CPU
		{5626865B-C65C-4679-998D-5D4167F2F0B5}.Release|Any CPU.Build.0 = Release|Any CPU
		{5626865B-C65C-4679-998D-5D4167F2F0B5}.Release|x64.ActiveCfg = Release|Any CPU
		{5626865B-C65C-4679-998D-5D4167F2F0B5}.Release|x64.Build.0 = Release|Any CPU
		{5626865B-C65C-4679-998D-5D4167F2F0B5}.Release|x86.ActiveCfg = Release|Any CPU
		{5626865B-C65C-4679-998D-5D4167F2F0B5}.Release|x86.Build.0 = Release|Any CPU
	EndGlobalSection
	GlobalSection(NestedProjects) = preSolution
		{7E9A43DE-8192-4990-812F-040040873B02} = {B56F2B2F-4A64-40E2-BF99-B66E36F46386}
		{5626865B-C65C-4679-998D-5D4167F2F0B5} = {569A1F7E-62C0-474B-84F1-2B672C04C232}
	EndGlobalSection
EndGlobal
