
Microsoft Visual Studio Solution File, Format Version 12.00
# Visual Studio Version 16
VisualStudioVersion = 16.0.31727.386
MinimumVisualStudioVersion = 10.0.40219.1
Project("{9A19103F-16F7-4668-BE54-9A1E7A4F7556}") = "Basic", "Basic\Basic.csproj", "{C8053D72-0D6C-488F-B32C-B82374B67F4D}"
EndProject
Project("{9A19103F-16F7-4668-BE54-9A1E7A4F7556}") = "IdentityExample", "IdentityExample\IdentityExample.csproj", "{3F737D16-0323-44DA-A657-AACE9D3A7E4F}"
EndProject
Project("{9A19103F-16F7-4668-BE54-9A1E7A4F7556}") = "Authorization", "Authorization\Authorization.csproj", "{D1A0397E-C88A-4434-A349-C4E026C7DE2E}"
EndProject
Global
	GlobalSection(SolutionConfigurationPlatforms) = preSolution
		Debug|Any CPU = Debug|Any CPU
		Release|Any CPU = Release|Any CPU
	EndGlobalSection
	GlobalSection(ProjectConfigurationPlatforms) = postSolution
		{C8053D72-0D6C-488F-B32C-B82374B67F4D}.Debug|Any CPU.ActiveCfg = Debug|Any CPU
		{C8053D72-0D6C-488F-B32C-B82374B67F4D}.Debug|Any CPU.Build.0 = Debug|Any CPU
		{C8053D72-0D6C-488F-B32C-B82374B67F4D}.Release|Any CPU.ActiveCfg = Release|Any CPU
		{C8053D72-0D6C-488F-B32C-B82374B67F4D}.Release|Any CPU.Build.0 = Release|Any CPU
		{3F737D16-0323-44DA-A657-AACE9D3A7E4F}.Debug|Any CPU.ActiveCfg = Debug|Any CPU
		{3F737D16-0323-44DA-A657-AACE9D3A7E4F}.Debug|Any CPU.Build.0 = Debug|Any CPU
		{3F737D16-0323-44DA-A657-AACE9D3A7E4F}.Release|Any CPU.ActiveCfg = Release|Any CPU
		{3F737D16-0323-44DA-A657-AACE9D3A7E4F}.Release|Any CPU.Build.0 = Release|Any CPU
		{D1A0397E-C88A-4434-A349-C4E026C7DE2E}.Debug|Any CPU.ActiveCfg = Debug|Any CPU
		{D1A0397E-C88A-4434-A349-C4E026C7DE2E}.Debug|Any CPU.Build.0 = Debug|Any CPU
		{D1A0397E-C88A-4434-A349-C4E026C7DE2E}.Release|Any CPU.ActiveCfg = Release|Any CPU
		{D1A0397E-C88A-4434-A349-C4E026C7DE2E}.Release|Any CPU.Build.0 = Release|Any CPU
	EndGlobalSection
	GlobalSection(SolutionProperties) = preSolution
		HideSolutionNode = FALSE
	EndGlobalSection
	GlobalSection(ExtensibilityGlobals) = postSolution
		SolutionGuid = {CF6D6441-4A70-4230-AFBE-F95CFC18FD23}
	EndGlobalSection
EndGlobal
