
Microsoft Visual Studio Solution File, Format Version 12.00
# Visual Studio Version 16
VisualStudioVersion = 16.0.31727.386
MinimumVisualStudioVersion = 10.0.40219.1
Project("{2150E333-8FDC-42A3-9474-1A3956D46DE8}") = "BasicSecurity", "BasicSecurity", "{531E96E2-B484-4981-9EDE-5A89025BD4C2}"
EndProject
Project("{2150E333-8FDC-42A3-9474-1A3956D46DE8}") = "OauthSecurity", "OauthSecurity", "{B6D0C946-11CC-4477-87E2-004C0D75D7BF}"
EndProject
Project("{9A19103F-16F7-4668-BE54-9A1E7A4F7556}") = "Basic", "BasicSecurity\Basic\Basic.csproj", "{192F4798-3540-408B-A98F-D45A65B7E370}"
EndProject
Project("{9A19103F-16F7-4668-BE54-9A1E7A4F7556}") = "Authorization", "BasicSecurity\Authorization\Authorization.csproj", "{A550C7C9-BC6B-4F38-97BB-C9C3189EC187}"
EndProject
Project("{9A19103F-16F7-4668-BE54-9A1E7A4F7556}") = "IdentityExample", "BasicSecurity\IdentityExample\IdentityExample.csproj", "{E94DB7B7-5C01-40F3-BA6D-A7985AF0D48C}"
EndProject
Project("{9A19103F-16F7-4668-BE54-9A1E7A4F7556}") = "Server", "OauthSecurity\Server\Server.csproj", "{299FBAF9-A397-4B76-91DA-6C62E2351E86}"
EndProject
Project("{9A19103F-16F7-4668-BE54-9A1E7A4F7556}") = "Client", "OauthSecurity\Client\Client.csproj", "{CF2BBA91-2530-429C-8E0C-8C25B4EC20D3}"
EndProject
Global
	GlobalSection(SolutionConfigurationPlatforms) = preSolution
		Debug|Any CPU = Debug|Any CPU
		Release|Any CPU = Release|Any CPU
	EndGlobalSection
	GlobalSection(ProjectConfigurationPlatforms) = postSolution
		{192F4798-3540-408B-A98F-D45A65B7E370}.Debug|Any CPU.ActiveCfg = Debug|Any CPU
		{192F4798-3540-408B-A98F-D45A65B7E370}.Debug|Any CPU.Build.0 = Debug|Any CPU
		{192F4798-3540-408B-A98F-D45A65B7E370}.Release|Any CPU.ActiveCfg = Release|Any CPU
		{192F4798-3540-408B-A98F-D45A65B7E370}.Release|Any CPU.Build.0 = Release|Any CPU
		{A550C7C9-BC6B-4F38-97BB-C9C3189EC187}.Debug|Any CPU.ActiveCfg = Debug|Any CPU
		{A550C7C9-BC6B-4F38-97BB-C9C3189EC187}.Debug|Any CPU.Build.0 = Debug|Any CPU
		{A550C7C9-BC6B-4F38-97BB-C9C3189EC187}.Release|Any CPU.ActiveCfg = Release|Any CPU
		{A550C7C9-BC6B-4F38-97BB-C9C3189EC187}.Release|Any CPU.Build.0 = Release|Any CPU
		{E94DB7B7-5C01-40F3-BA6D-A7985AF0D48C}.Debug|Any CPU.ActiveCfg = Debug|Any CPU
		{E94DB7B7-5C01-40F3-BA6D-A7985AF0D48C}.Debug|Any CPU.Build.0 = Debug|Any CPU
		{E94DB7B7-5C01-40F3-BA6D-A7985AF0D48C}.Release|Any CPU.ActiveCfg = Release|Any CPU
		{E94DB7B7-5C01-40F3-BA6D-A7985AF0D48C}.Release|Any CPU.Build.0 = Release|Any CPU
		{299FBAF9-A397-4B76-91DA-6C62E2351E86}.Debug|Any CPU.ActiveCfg = Debug|Any CPU
		{299FBAF9-A397-4B76-91DA-6C62E2351E86}.Debug|Any CPU.Build.0 = Debug|Any CPU
		{299FBAF9-A397-4B76-91DA-6C62E2351E86}.Release|Any CPU.ActiveCfg = Release|Any CPU
		{299FBAF9-A397-4B76-91DA-6C62E2351E86}.Release|Any CPU.Build.0 = Release|Any CPU
		{CF2BBA91-2530-429C-8E0C-8C25B4EC20D3}.Debug|Any CPU.ActiveCfg = Debug|Any CPU
		{CF2BBA91-2530-429C-8E0C-8C25B4EC20D3}.Debug|Any CPU.Build.0 = Debug|Any CPU
		{CF2BBA91-2530-429C-8E0C-8C25B4EC20D3}.Release|Any CPU.ActiveCfg = Release|Any CPU
		{CF2BBA91-2530-429C-8E0C-8C25B4EC20D3}.Release|Any CPU.Build.0 = Release|Any CPU
	EndGlobalSection
	GlobalSection(SolutionProperties) = preSolution
		HideSolutionNode = FALSE
	EndGlobalSection
	GlobalSection(NestedProjects) = preSolution
		{192F4798-3540-408B-A98F-D45A65B7E370} = {531E96E2-B484-4981-9EDE-5A89025BD4C2}
		{A550C7C9-BC6B-4F38-97BB-C9C3189EC187} = {531E96E2-B484-4981-9EDE-5A89025BD4C2}
		{E94DB7B7-5C01-40F3-BA6D-A7985AF0D48C} = {531E96E2-B484-4981-9EDE-5A89025BD4C2}
		{299FBAF9-A397-4B76-91DA-6C62E2351E86} = {B6D0C946-11CC-4477-87E2-004C0D75D7BF}
		{CF2BBA91-2530-429C-8E0C-8C25B4EC20D3} = {B6D0C946-11CC-4477-87E2-004C0D75D7BF}
	EndGlobalSection
	GlobalSection(ExtensibilityGlobals) = postSolution
		SolutionGuid = {CF6D6441-4A70-4230-AFBE-F95CFC18FD23}
	EndGlobalSection
EndGlobal
