
Microsoft Visual Studio Solution File, Format Version 12.00
# Visual Studio Version 16
VisualStudioVersion = 16.0.31729.503
MinimumVisualStudioVersion = 10.0.40219.1
Project("{9A19103F-16F7-4668-BE54-9A1E7A4F7556}") = "ToDo.Data", "ToDo.Data\ToDo.Data.csproj", "{AAF29EF3-F814-43ED-8AA4-2441A4D9F4C9}"
EndProject
Project("{9A19103F-16F7-4668-BE54-9A1E7A4F7556}") = "Todo.Repositories", "Todo.Repositories\Todo.Repositories.csproj", "{5BEBCCF8-5B6D-4245-A427-905A393A78A5}"
EndProject
Project("{FAE04EC0-301F-11D3-BF4B-00C04F79EFBC}") = "Todo.Services", "Todo.Services\Todo.Services.csproj", "{B0083156-76C6-47EB-9323-362477FF9C07}"
EndProject
Project("{FAE04EC0-301F-11D3-BF4B-00C04F79EFBC}") = "Todo.Api", "Todo.Api\Todo.Api.csproj", "{A0E8A234-9F51-4C49-8759-F7A1324C8E54}"
EndProject
Global
	GlobalSection(SolutionConfigurationPlatforms) = preSolution
		Debug|Any CPU = Debug|Any CPU
		Release|Any CPU = Release|Any CPU
	EndGlobalSection
	GlobalSection(ProjectConfigurationPlatforms) = postSolution
		{AAF29EF3-F814-43ED-8AA4-2441A4D9F4C9}.Debug|Any CPU.ActiveCfg = Debug|Any CPU
		{AAF29EF3-F814-43ED-8AA4-2441A4D9F4C9}.Debug|Any CPU.Build.0 = Debug|Any CPU
		{AAF29EF3-F814-43ED-8AA4-2441A4D9F4C9}.Release|Any CPU.ActiveCfg = Release|Any CPU
		{AAF29EF3-F814-43ED-8AA4-2441A4D9F4C9}.Release|Any CPU.Build.0 = Release|Any CPU
		{5BEBCCF8-5B6D-4245-A427-905A393A78A5}.Debug|Any CPU.ActiveCfg = Debug|Any CPU
		{5BEBCCF8-5B6D-4245-A427-905A393A78A5}.Debug|Any CPU.Build.0 = Debug|Any CPU
		{5BEBCCF8-5B6D-4245-A427-905A393A78A5}.Release|Any CPU.ActiveCfg = Release|Any CPU
		{5BEBCCF8-5B6D-4245-A427-905A393A78A5}.Release|Any CPU.Build.0 = Release|Any CPU
		{B0083156-76C6-47EB-9323-362477FF9C07}.Debug|Any CPU.ActiveCfg = Debug|Any CPU
		{B0083156-76C6-47EB-9323-362477FF9C07}.Debug|Any CPU.Build.0 = Debug|Any CPU
		{B0083156-76C6-47EB-9323-362477FF9C07}.Release|Any CPU.ActiveCfg = Release|Any CPU
		{B0083156-76C6-47EB-9323-362477FF9C07}.Release|Any CPU.Build.0 = Release|Any CPU
		{A0E8A234-9F51-4C49-8759-F7A1324C8E54}.Debug|Any CPU.ActiveCfg = Debug|Any CPU
		{A0E8A234-9F51-4C49-8759-F7A1324C8E54}.Debug|Any CPU.Build.0 = Debug|Any CPU
		{A0E8A234-9F51-4C49-8759-F7A1324C8E54}.Release|Any CPU.ActiveCfg = Release|Any CPU
		{A0E8A234-9F51-4C49-8759-F7A1324C8E54}.Release|Any CPU.Build.0 = Release|Any CPU
	EndGlobalSection
	GlobalSection(SolutionProperties) = preSolution
		HideSolutionNode = FALSE
	EndGlobalSection
	GlobalSection(ExtensibilityGlobals) = postSolution
		SolutionGuid = {BD432365-20EB-4EDF-B132-B889C9AAB929}
	EndGlobalSection
EndGlobal
